
Microsoft Visual Studio Solution File, Format Version 12.00
# Visual Studio Version 17
VisualStudioVersion = 17.14.36518.9
MinimumVisualStudioVersion = 10.0.40219.1
Project("{FAE04EC0-301F-11D3-BF4B-00C04F79EFBC}") = "Tyuiu.TomilovAD.Sprint3.Task0.V1", "Tyuiu.TomilovAD.Sprint3.Task0.V1\Tyuiu.TomilovAD.Sprint3.Task0.V1.csproj", "{E53D3176-CF4C-4B4A-8AEB-ACC4F4E00980}"
EndProject
Project("{FAE04EC0-301F-11D3-BF4B-00C04F79EFBC}") = "Tyuiu.TomilovAD.Sprint3.Task0.V1.Test", "Tyuiu.TomilovAD.Sprint3.Task0.V1.Test\Tyuiu.TomilovAD.Sprint3.Task0.V1.Test.csproj", "{F9BE5B23-70F6-47BD-97BA-FEDC979BA926}"
EndProject
Project("{FAE04EC0-301F-11D3-BF4B-00C04F79EFBC}") = "Tyuiu.TomilovAD.Sprint3.Task0.V1.Lib", "Tyuiu.TomilovAD.Sprint3.Task0.V1.Lib\Tyuiu.TomilovAD.Sprint3.Task0.V1.Lib.csproj", "{CD142BAD-BBD2-4E01-85A4-2130DE8415CD}"
EndProject
Project("{2150E333-8FDC-42A3-9474-1A3956D46DE8}") = "Task 0", "Task 0", "{02EA681E-C7D8-13C7-8484-4AC65E1B71E8}"
EndProject
Project("{2150E333-8FDC-42A3-9474-1A3956D46DE8}") = "Task 1", "Task 1", "{8AD34B77-AF97-448F-B861-D7B6D20EDDB0}"
EndProject
Project("{2150E333-8FDC-42A3-9474-1A3956D46DE8}") = "Task 2", "Task 2", "{FFCA8A4C-683F-4D27-83B4-1EE41565379C}"
EndProject
Project("{2150E333-8FDC-42A3-9474-1A3956D46DE8}") = "Task 3", "Task 3", "{D697283F-B82A-41AB-BEA6-9EDE36BB3B0A}"
EndProject
Project("{FAE04EC0-301F-11D3-BF4B-00C04F79EFBC}") = "Tyuiu.TomilovAD.Sprint3.Task1.V19", "Tyuiu.TomilovAD.Sprint3.Task1.V19\Tyuiu.TomilovAD.Sprint3.Task1.V19.csproj", "{BBA95718-9E88-4B00-A001-2A1A3FF8ECE6}"
EndProject
Project("{FAE04EC0-301F-11D3-BF4B-00C04F79EFBC}") = "Tyuiu.TomilovAD.Sprint3.Task1.V19.Lib", "Tyuiu.TomilovAD.Sprint3.Task1.V19.Lib\Tyuiu.TomilovAD.Sprint3.Task1.V19.Lib.csproj", "{F2352816-88E4-4663-8086-A22657288EF6}"
EndProject
Project("{FAE04EC0-301F-11D3-BF4B-00C04F79EFBC}") = "Tyuiu.TomilovAD.Sprint3.Task1.V19.Test", "Tyuiu.TomilovAD.Sprint3.Task1.V19.Test\Tyuiu.TomilovAD.Sprint3.Task1.V19.Test.csproj", "{918ACBEE-4583-4AA1-B76F-F6C1937B6752}"
EndProject
Project("{FAE04EC0-301F-11D3-BF4B-00C04F79EFBC}") = "Tyuiu.TomilovAD.Sprint3.Task2.V9", "Tyuiu.TomilovAD.Sprint3.Task2.V9\Tyuiu.TomilovAD.Sprint3.Task2.V9.csproj", "{E5A0B134-F6D9-4BCE-AB12-942E0D70D3EA}"
EndProject
Project("{FAE04EC0-301F-11D3-BF4B-00C04F79EFBC}") = "Tyuiu.TomilovAD.Sprint3.Task2.V9.Lib", "Tyuiu.TomilovAD.Sprint3.Task2.V9.Lib\Tyuiu.TomilovAD.Sprint3.Task2.V9.Lib.csproj", "{73CFB63A-2119-4730-889E-7BD589869183}"
EndProject
Project("{FAE04EC0-301F-11D3-BF4B-00C04F79EFBC}") = "Tyuiu.TomilovAD.Sprint3.Task2.V9.Test", "Tyuiu.TomilovAD.Sprint3.Task2.V9.Test\Tyuiu.TomilovAD.Sprint3.Task2.V9.Test.csproj", "{EF0F8EF9-8F5D-4F62-A0C9-2AABEB77149A}"
EndProject
Project("{FAE04EC0-301F-11D3-BF4B-00C04F79EFBC}") = "Tyuiu.TomilovAD.Sprint3.Task3.V21", "Tyuiu.TomilovAD.Sprint3.Task3.V21\Tyuiu.TomilovAD.Sprint3.Task3.V21.csproj", "{C8A73C7F-C882-4BFE-AA9A-099F891761E8}"
EndProject
Project("{FAE04EC0-301F-11D3-BF4B-00C04F79EFBC}") = "Tyuiu.TomilovAD.Sprint3.Task3.V21.Lib", "Tyuiu.TomilovAD.Sprint3.Task3.V21.Lib\Tyuiu.TomilovAD.Sprint3.Task3.V21.Lib.csproj", "{B6DD7615-94D2-4376-A821-B2718248E11E}"
EndProject
Project("{FAE04EC0-301F-11D3-BF4B-00C04F79EFBC}") = "Tyuiu.TomilovAD.Sprint3.Task3.V21.Test", "Tyuiu.TomilovAD.Sprint3.Task3.V21.Test\Tyuiu.TomilovAD.Sprint3.Task3.V21.Test.csproj", "{1EE163C5-AF5D-4717-A20D-4C3A66DCF1BB}"
EndProject
Project("{2150E333-8FDC-42A3-9474-1A3956D46DE8}") = "Task 4", "Task 4", "{57EC7A2B-751D-48DF-8A0F-5E9E943965BE}"
EndProject
Project("{FAE04EC0-301F-11D3-BF4B-00C04F79EFBC}") = "Tyuiu.TomilovAD.Sprint3.Task4.V14", "Tyuiu.TomilovAD.Sprint3.Task4.V14\Tyuiu.TomilovAD.Sprint3.Task4.V14.csproj", "{5A5D8421-AF7C-44CA-90AB-0ED0506FD4BD}"
EndProject
Project("{FAE04EC0-301F-11D3-BF4B-00C04F79EFBC}") = "Tyuiu.TomilovAD.Sprint3.Task4.V14.Test", "Tyuiu.TomilovAD.Sprint3.Task4.V14.Test\Tyuiu.TomilovAD.Sprint3.Task4.V14.Test.csproj", "{7EE58794-07A9-463C-8000-67F6FAFEC1B0}"
EndProject
Project("{FAE04EC0-301F-11D3-BF4B-00C04F79EFBC}") = "Tyuiu.TomilovAD.Sprint3.Task4.V14.Lib", "Tyuiu.TomilovAD.Sprint3.Task4.V14.Lib\Tyuiu.TomilovAD.Sprint3.Task4.V14.Lib.csproj", "{D762CEE8-028C-45C9-8F5D-8EA895584BAB}"
EndProject
Global
	GlobalSection(SolutionConfigurationPlatforms) = preSolution
		Debug|Any CPU = Debug|Any CPU
		Release|Any CPU = Release|Any CPU
	EndGlobalSection
	GlobalSection(ProjectConfigurationPlatforms) = postSolution
		{E53D3176-CF4C-4B4A-8AEB-ACC4F4E00980}.Debug|Any CPU.ActiveCfg = Debug|Any CPU
		{E53D3176-CF4C-4B4A-8AEB-ACC4F4E00980}.Debug|Any CPU.Build.0 = Debug|Any CPU
		{E53D3176-CF4C-4B4A-8AEB-ACC4F4E00980}.Release|Any CPU.ActiveCfg = Release|Any CPU
		{E53D3176-CF4C-4B4A-8AEB-ACC4F4E00980}.Release|Any CPU.Build.0 = Release|Any CPU
		{F9BE5B23-70F6-47BD-97BA-FEDC979BA926}.Debug|Any CPU.ActiveCfg = Debug|Any CPU
		{F9BE5B23-70F6-47BD-97BA-FEDC979BA926}.Debug|Any CPU.Build.0 = Debug|Any CPU
		{F9BE5B23-70F6-47BD-97BA-FEDC979BA926}.Release|Any CPU.ActiveCfg = Release|Any CPU
		{F9BE5B23-70F6-47BD-97BA-FEDC979BA926}.Release|Any CPU.Build.0 = Release|Any CPU
		{CD142BAD-BBD2-4E01-85A4-2130DE8415CD}.Debug|Any CPU.ActiveCfg = Debug|Any CPU
		{CD142BAD-BBD2-4E01-85A4-2130DE8415CD}.Debug|Any CPU.Build.0 = Debug|Any CPU
		{CD142BAD-BBD2-4E01-85A4-2130DE8415CD}.Release|Any CPU.ActiveCfg = Release|Any CPU
		{CD142BAD-BBD2-4E01-85A4-2130DE8415CD}.Release|Any CPU.Build.0 = Release|Any CPU
		{BBA95718-9E88-4B00-A001-2A1A3FF8ECE6}.Debug|Any CPU.ActiveCfg = Debug|Any CPU
		{BBA95718-9E88-4B00-A001-2A1A3FF8ECE6}.Debug|Any CPU.Build.0 = Debug|Any CPU
		{BBA95718-9E88-4B00-A001-2A1A3FF8ECE6}.Release|Any CPU.ActiveCfg = Release|Any CPU
		{BBA95718-9E88-4B00-A001-2A1A3FF8ECE6}.Release|Any CPU.Build.0 = Release|Any CPU
		{F2352816-88E4-4663-8086-A22657288EF6}.Debug|Any CPU.ActiveCfg = Debug|Any CPU
		{F2352816-88E4-4663-8086-A22657288EF6}.Debug|Any CPU.Build.0 = Debug|Any CPU
		{F2352816-88E4-4663-8086-A22657288EF6}.Release|Any CPU.ActiveCfg = Release|Any CPU
		{F2352816-88E4-4663-8086-A22657288EF6}.Release|Any CPU.Build.0 = Release|Any CPU
		{918ACBEE-4583-4AA1-B76F-F6C1937B6752}.Debug|Any CPU.ActiveCfg = Debug|Any CPU
		{918ACBEE-4583-4AA1-B76F-F6C1937B6752}.Debug|Any CPU.Build.0 = Debug|Any CPU
		{918ACBEE-4583-4AA1-B76F-F6C1937B6752}.Release|Any CPU.ActiveCfg = Release|Any CPU
		{918ACBEE-4583-4AA1-B76F-F6C1937B6752}.Release|Any CPU.Build.0 = Release|Any CPU
		{E5A0B134-F6D9-4BCE-AB12-942E0D70D3EA}.Debug|Any CPU.ActiveCfg = Debug|Any CPU
		{E5A0B134-F6D9-4BCE-AB12-942E0D70D3EA}.Debug|Any CPU.Build.0 = Debug|Any CPU
		{E5A0B134-F6D9-4BCE-AB12-942E0D70D3EA}.Release|Any CPU.ActiveCfg = Release|Any CPU
		{E5A0B134-F6D9-4BCE-AB12-942E0D70D3EA}.Release|Any CPU.Build.0 = Release|Any CPU
		{73CFB63A-2119-4730-889E-7BD589869183}.Debug|Any CPU.ActiveCfg = Debug|Any CPU
		{73CFB63A-2119-4730-889E-7BD589869183}.Debug|Any CPU.Build.0 = Debug|Any CPU
		{73CFB63A-2119-4730-889E-7BD589869183}.Release|Any CPU.ActiveCfg = Release|Any CPU
		{73CFB63A-2119-4730-889E-7BD589869183}.Release|Any CPU.Build.0 = Release|Any CPU
		{EF0F8EF9-8F5D-4F62-A0C9-2AABEB77149A}.Debug|Any CPU.ActiveCfg = Debug|Any CPU
		{EF0F8EF9-8F5D-4F62-A0C9-2AABEB77149A}.Debug|Any CPU.Build.0 = Debug|Any CPU
		{EF0F8EF9-8F5D-4F62-A0C9-2AABEB77149A}.Release|Any CPU.ActiveCfg = Release|Any CPU
		{EF0F8EF9-8F5D-4F62-A0C9-2AABEB77149A}.Release|Any CPU.Build.0 = Release|Any CPU
		{C8A73C7F-C882-4BFE-AA9A-099F891761E8}.Debug|Any CPU.ActiveCfg = Debug|Any CPU
		{C8A73C7F-C882-4BFE-AA9A-099F891761E8}.Debug|Any CPU.Build.0 = Debug|Any CPU
		{C8A73C7F-C882-4BFE-AA9A-099F891761E8}.Release|Any CPU.ActiveCfg = Release|Any CPU
		{C8A73C7F-C882-4BFE-AA9A-099F891761E8}.Release|Any CPU.Build.0 = Release|Any CPU
		{B6DD7615-94D2-4376-A821-B2718248E11E}.Debug|Any CPU.ActiveCfg = Debug|Any CPU
		{B6DD7615-94D2-4376-A821-B2718248E11E}.Debug|Any CPU.Build.0 = Debug|Any CPU
		{B6DD7615-94D2-4376-A821-B2718248E11E}.Release|Any CPU.ActiveCfg = Release|Any CPU
		{B6DD7615-94D2-4376-A821-B2718248E11E}.Release|Any CPU.Build.0 = Release|Any CPU
		{1EE163C5-AF5D-4717-A20D-4C3A66DCF1BB}.Debug|Any CPU.ActiveCfg = Debug|Any CPU
		{1EE163C5-AF5D-4717-A20D-4C3A66DCF1BB}.Debug|Any CPU.Build.0 = Debug|Any CPU
		{1EE163C5-AF5D-4717-A20D-4C3A66DCF1BB}.Release|Any CPU.ActiveCfg = Release|Any CPU
		{1EE163C5-AF5D-4717-A20D-4C3A66DCF1BB}.Release|Any CPU.Build.0 = Release|Any CPU
		{5A5D8421-AF7C-44CA-90AB-0ED0506FD4BD}.Debug|Any CPU.ActiveCfg = Debug|Any CPU
		{5A5D8421-AF7C-44CA-90AB-0ED0506FD4BD}.Debug|Any CPU.Build.0 = Debug|Any CPU
		{5A5D8421-AF7C-44CA-90AB-0ED0506FD4BD}.Release|Any CPU.ActiveCfg = Release|Any CPU
		{5A5D8421-AF7C-44CA-90AB-0ED0506FD4BD}.Release|Any CPU.Build.0 = Release|Any CPU
		{7EE58794-07A9-463C-8000-67F6FAFEC1B0}.Debug|Any CPU.ActiveCfg = Debug|Any CPU
		{7EE58794-07A9-463C-8000-67F6FAFEC1B0}.Debug|Any CPU.Build.0 = Debug|Any CPU
		{7EE58794-07A9-463C-8000-67F6FAFEC1B0}.Release|Any CPU.ActiveCfg = Release|Any CPU
		{7EE58794-07A9-463C-8000-67F6FAFEC1B0}.Release|Any CPU.Build.0 = Release|Any CPU
		{D762CEE8-028C-45C9-8F5D-8EA895584BAB}.Debug|Any CPU.ActiveCfg = Debug|Any CPU
		{D762CEE8-028C-45C9-8F5D-8EA895584BAB}.Debug|Any CPU.Build.0 = Debug|Any CPU
		{D762CEE8-028C-45C9-8F5D-8EA895584BAB}.Release|Any CPU.ActiveCfg = Release|Any CPU
		{D762CEE8-028C-45C9-8F5D-8EA895584BAB}.Release|Any CPU.Build.0 = Release|Any CPU
	EndGlobalSection
	GlobalSection(SolutionProperties) = preSolution
		HideSolutionNode = FALSE
	EndGlobalSection
	GlobalSection(NestedProjects) = preSolution
		{E53D3176-CF4C-4B4A-8AEB-ACC4F4E00980} = {02EA681E-C7D8-13C7-8484-4AC65E1B71E8}
		{F9BE5B23-70F6-47BD-97BA-FEDC979BA926} = {02EA681E-C7D8-13C7-8484-4AC65E1B71E8}
		{CD142BAD-BBD2-4E01-85A4-2130DE8415CD} = {02EA681E-C7D8-13C7-8484-4AC65E1B71E8}
		{BBA95718-9E88-4B00-A001-2A1A3FF8ECE6} = {8AD34B77-AF97-448F-B861-D7B6D20EDDB0}
		{F2352816-88E4-4663-8086-A22657288EF6} = {8AD34B77-AF97-448F-B861-D7B6D20EDDB0}
		{918ACBEE-4583-4AA1-B76F-F6C1937B6752} = {8AD34B77-AF97-448F-B861-D7B6D20EDDB0}
		{E5A0B134-F6D9-4BCE-AB12-942E0D70D3EA} = {FFCA8A4C-683F-4D27-83B4-1EE41565379C}
		{73CFB63A-2119-4730-889E-7BD589869183} = {FFCA8A4C-683F-4D27-83B4-1EE41565379C}
		{EF0F8EF9-8F5D-4F62-A0C9-2AABEB77149A} = {FFCA8A4C-683F-4D27-83B4-1EE41565379C}
		{C8A73C7F-C882-4BFE-AA9A-099F891761E8} = {D697283F-B82A-41AB-BEA6-9EDE36BB3B0A}
		{B6DD7615-94D2-4376-A821-B2718248E11E} = {D697283F-B82A-41AB-BEA6-9EDE36BB3B0A}
		{1EE163C5-AF5D-4717-A20D-4C3A66DCF1BB} = {D697283F-B82A-41AB-BEA6-9EDE36BB3B0A}
		{5A5D8421-AF7C-44CA-90AB-0ED0506FD4BD} = {57EC7A2B-751D-48DF-8A0F-5E9E943965BE}
		{7EE58794-07A9-463C-8000-67F6FAFEC1B0} = {57EC7A2B-751D-48DF-8A0F-5E9E943965BE}
		{D762CEE8-028C-45C9-8F5D-8EA895584BAB} = {57EC7A2B-751D-48DF-8A0F-5E9E943965BE}
	EndGlobalSection
	GlobalSection(ExtensibilityGlobals) = postSolution
		SolutionGuid = {3975E470-5BD2-4773-9C33-76AE25A82AA6}
	EndGlobalSection
EndGlobal
